Microsoft Visual Studio Solution File, Format Version 11.00
# Visual Studio 2008

Project("{08C21083-8D49-843A-CCD2-AAB666F0BDEB}") = "Hannoi AI", "Assembly-CSharp.csproj", "{EB0A6921-7BD1-A7BB-668A-35434334EEA6}"
EndProject
Global
	GlobalSection(SolutionConfigurationPlatforms) = preSolution
		Debug|Any CPU = Debug|Any CPU
		Release|Any CPU = Release|Any CPU
	EndGlobalSection
	GlobalSection(ProjectConfigurationPlatforms) = postSolution
		{EB0A6921-7BD1-A7BB-668A-35434334EEA6}.Debug|Any CPU.ActiveCfg = Debug|Any CPU
		{EB0A6921-7BD1-A7BB-668A-35434334EEA6}.Debug|Any CPU.Build.0 = Debug|Any CPU
		{EB0A6921-7BD1-A7BB-668A-35434334EEA6}.Release|Any CPU.ActiveCfg = Release|Any CPU
		{EB0A6921-7BD1-A7BB-668A-35434334EEA6}.Release|Any CPU.Build.0 = Release|Any CPU
	EndGlobalSection
	GlobalSection(SolutionProperties) = preSolution
		HideSolutionNode = FALSE
	EndGlobalSection
	GlobalSection(MonoDevelopProperties) = preSolution
		StartupItem = Assembly-CSharp.csproj
	EndGlobalSection
EndGlobal
